
Microsoft Visual Studio Solution File, Format Version 12.00
# Visual Studio 15
VisualStudioVersion = 15.0.26228.9
MinimumVisualStudioVersion = 10.0.40219.1
Project("{00D1A9C2-B5F0-4AF3-8072-F6C62B433612}") = "CardPeak.Database", "CardPeak.Database\CardPeak.Database.sqlproj", "{06FD6147-076F-434F-9249-1BF78EDBA408}"
EndProject
Global
	GlobalSection(SolutionConfigurationPlatforms) = preSolution
		Debug|Any CPU = Debug|Any CPU
		Release|Any CPU = Release|Any CPU
	EndGlobalSection
	GlobalSection(ProjectConfigurationPlatforms) = postSolution
		{06FD6147-076F-434F-9249-1BF78EDBA408}.Debug|Any CPU.ActiveCfg = Debug|Any CPU
		{06FD6147-076F-434F-9249-1BF78EDBA408}.Debug|Any CPU.Build.0 = Debug|Any CPU
		{06FD6147-076F-434F-9249-1BF78EDBA408}.Debug|Any CPU.Deploy.0 = Debug|Any CPU
		{06FD6147-076F-434F-9249-1BF78EDBA408}.Release|Any CPU.ActiveCfg = Release|Any CPU
		{06FD6147-076F-434F-9249-1BF78EDBA408}.Release|Any CPU.Build.0 = Release|Any CPU
		{06FD6147-076F-434F-9249-1BF78EDBA408}.Release|Any CPU.Deploy.0 = Release|Any CPU
	EndGlobalSection
	GlobalSection(SolutionProperties) = preSolution
		HideSolutionNode = FALSE
	EndGlobalSection
EndGlobal
