
Microsoft Visual Studio Solution File, Format Version 12.00
# Visual Studio 15
VisualStudioVersion = 15.0.26730.3
MinimumVisualStudioVersion = 10.0.40219.1
Project("{00D1A9C2-B5F0-4AF3-8072-F6C62B433612}") = "CardPeak.Database", "CardPeak.Database\CardPeak.Database.sqlproj", "{06FD6147-076F-434F-9249-1BF78EDBA408}"
EndProject
Project("{2150E333-8FDC-42A3-9474-1A3956D46DE8}") = "artifacts", "artifacts", "{D374FE6F-6B0F-4855-97ED-25E65821E96C}"
EndProject
Project("{FAE04EC0-301F-11D3-BF4B-00C04F79EFBC}") = "CardPeak.Domain", "CardPeak.Domain\CardPeak.Domain.csproj", "{15B6B1B8-C0D9-4F0E-8F61-D4665E343664}"
EndProject
Project("{FAE04EC0-301F-11D3-BF4B-00C04F79EFBC}") = "CardPeak.Repository.EF", "CardPeak.Repository.EF\CardPeak.Repository.EF.csproj", "{24F032D8-2342-4D48-BC52-71F7E167016C}"
EndProject
Project("{FAE04EC0-301F-11D3-BF4B-00C04F79EFBC}") = "CardPeak.PlayPen", "CardPeak.PlayPen\CardPeak.PlayPen.csproj", "{3AF2352E-2C9D-411C-BB1D-026983FE02D9}"
EndProject
Project("{FAE04EC0-301F-11D3-BF4B-00C04F79EFBC}") = "CardPeak.Service", "CardPeak.Service\CardPeak.Service.csproj", "{DCA5513F-0992-4300-BFED-93EE4A9787F5}"
EndProject
Project("{FAE04EC0-301F-11D3-BF4B-00C04F79EFBC}") = "CardPeak.WebAPI", "CardPeak.WebAPI\CardPeak.WebAPI.csproj", "{7081704C-6725-405B-823F-734220B0024F}"
EndProject
Project("{9092AA53-FB77-4645-B42D-1CCCA6BD08BD}") = "CardPeak.UI.ClientApp", "CardPeak.UI.ClientApp\CardPeak.UI.ClientApp.njsproj", "{75CCA782-4B7B-42AC-9A26-68ACA511F737}"
EndProject
Project("{FAE04EC0-301F-11D3-BF4B-00C04F79EFBC}") = "CardPeak.Core", "CardPeak.Core\CardPeak.Core.csproj", "{818666AD-4616-42A1-883C-14859EF8C677}"
EndProject
Project("{FAE04EC0-301F-11D3-BF4B-00C04F79EFBC}") = "CardPeak.Processor.Excel", "CardPeak.Processor.Excel\CardPeak.Processor.Excel.csproj", "{6B88189E-0CE5-4712-86E3-DBAB05F7267C}"
EndProject
Project("{2150E333-8FDC-42A3-9474-1A3956D46DE8}") = "Solution Items", "Solution Items", "{1A49FCE7-1FF7-4046-9F15-EA76C7829BCA}"
	ProjectSection(SolutionItems) = preProject
		AppVersion.cs = AppVersion.cs
	EndProjectSection
EndProject
Global
	GlobalSection(SolutionConfigurationPlatforms) = preSolution
		Debug|Any CPU = Debug|Any CPU
		Release|Any CPU = Release|Any CPU
	EndGlobalSection
	GlobalSection(ProjectConfigurationPlatforms) = postSolution
		{06FD6147-076F-434F-9249-1BF78EDBA408}.Debug|Any CPU.ActiveCfg = Debug|Any CPU
		{06FD6147-076F-434F-9249-1BF78EDBA408}.Debug|Any CPU.Build.0 = Debug|Any CPU
		{06FD6147-076F-434F-9249-1BF78EDBA408}.Debug|Any CPU.Deploy.0 = Debug|Any CPU
		{06FD6147-076F-434F-9249-1BF78EDBA408}.Release|Any CPU.ActiveCfg = Release|Any CPU
		{06FD6147-076F-434F-9249-1BF78EDBA408}.Release|Any CPU.Build.0 = Release|Any CPU
		{06FD6147-076F-434F-9249-1BF78EDBA408}.Release|Any CPU.Deploy.0 = Release|Any CPU
		{15B6B1B8-C0D9-4F0E-8F61-D4665E343664}.Debug|Any CPU.ActiveCfg = Debug|Any CPU
		{15B6B1B8-C0D9-4F0E-8F61-D4665E343664}.Debug|Any CPU.Build.0 = Debug|Any CPU
		{15B6B1B8-C0D9-4F0E-8F61-D4665E343664}.Release|Any CPU.ActiveCfg = Release|Any CPU
		{15B6B1B8-C0D9-4F0E-8F61-D4665E343664}.Release|Any CPU.Build.0 = Release|Any CPU
		{24F032D8-2342-4D48-BC52-71F7E167016C}.Debug|Any CPU.ActiveCfg = Debug|Any CPU
		{24F032D8-2342-4D48-BC52-71F7E167016C}.Debug|Any CPU.Build.0 = Debug|Any CPU
		{24F032D8-2342-4D48-BC52-71F7E167016C}.Release|Any CPU.ActiveCfg = Release|Any CPU
		{24F032D8-2342-4D48-BC52-71F7E167016C}.Release|Any CPU.Build.0 = Release|Any CPU
		{3AF2352E-2C9D-411C-BB1D-026983FE02D9}.Debug|Any CPU.ActiveCfg = Debug|Any CPU
		{3AF2352E-2C9D-411C-BB1D-026983FE02D9}.Debug|Any CPU.Build.0 = Debug|Any CPU
		{3AF2352E-2C9D-411C-BB1D-026983FE02D9}.Release|Any CPU.ActiveCfg = Release|Any CPU
		{3AF2352E-2C9D-411C-BB1D-026983FE02D9}.Release|Any CPU.Build.0 = Release|Any CPU
		{DCA5513F-0992-4300-BFED-93EE4A9787F5}.Debug|Any CPU.ActiveCfg = Debug|Any CPU
		{DCA5513F-0992-4300-BFED-93EE4A9787F5}.Debug|Any CPU.Build.0 = Debug|Any CPU
		{DCA5513F-0992-4300-BFED-93EE4A9787F5}.Release|Any CPU.ActiveCfg = Release|Any CPU
		{DCA5513F-0992-4300-BFED-93EE4A9787F5}.Release|Any CPU.Build.0 = Release|Any CPU
		{7081704C-6725-405B-823F-734220B0024F}.Debug|Any CPU.ActiveCfg = Debug|Any CPU
		{7081704C-6725-405B-823F-734220B0024F}.Debug|Any CPU.Build.0 = Debug|Any CPU
		{7081704C-6725-405B-823F-734220B0024F}.Release|Any CPU.ActiveCfg = Release|Any CPU
		{7081704C-6725-405B-823F-734220B0024F}.Release|Any CPU.Build.0 = Release|Any CPU
		{75CCA782-4B7B-42AC-9A26-68ACA511F737}.Debug|Any CPU.ActiveCfg = Debug|Any CPU
		{75CCA782-4B7B-42AC-9A26-68ACA511F737}.Debug|Any CPU.Build.0 = Debug|Any CPU
		{75CCA782-4B7B-42AC-9A26-68ACA511F737}.Release|Any CPU.ActiveCfg = Release|Any CPU
		{75CCA782-4B7B-42AC-9A26-68ACA511F737}.Release|Any CPU.Build.0 = Release|Any CPU
		{818666AD-4616-42A1-883C-14859EF8C677}.Debug|Any CPU.ActiveCfg = Debug|Any CPU
		{818666AD-4616-42A1-883C-14859EF8C677}.Debug|Any CPU.Build.0 = Debug|Any CPU
		{818666AD-4616-42A1-883C-14859EF8C677}.Release|Any CPU.ActiveCfg = Release|Any CPU
		{818666AD-4616-42A1-883C-14859EF8C677}.Release|Any CPU.Build.0 = Release|Any CPU
		{6B88189E-0CE5-4712-86E3-DBAB05F7267C}.Debug|Any CPU.ActiveCfg = Debug|Any CPU
		{6B88189E-0CE5-4712-86E3-DBAB05F7267C}.Debug|Any CPU.Build.0 = Debug|Any CPU
		{6B88189E-0CE5-4712-86E3-DBAB05F7267C}.Release|Any CPU.ActiveCfg = Release|Any CPU
		{6B88189E-0CE5-4712-86E3-DBAB05F7267C}.Release|Any CPU.Build.0 = Release|Any CPU
	EndGlobalSection
	GlobalSection(SolutionProperties) = preSolution
		HideSolutionNode = FALSE
	EndGlobalSection
	GlobalSection(ExtensibilityGlobals) = postSolution
		SolutionGuid = {4DDD7CAA-8597-44A4-A055-7A67A69EDEED}
	EndGlobalSection
EndGlobal
